
Microsoft Visual Studio Solution File, Format Version 12.00
# Visual Studio Version 17
VisualStudioVersion = 17.14.36623.8 d17.14
MinimumVisualStudioVersion = 10.0.40219.1
Project("{FAE04EC0-301F-11D3-BF4B-00C04F79EFBC}") = "MathGame", "MathGame\MathGame.csproj", "{1B5D09C7-C730-4500-AE96-F3F6CBC0D699}"
EndProject
Global
	GlobalSection(SolutionConfigurationPlatforms) = preSolution
		Debug|Any CPU = Debug|Any CPU
		Release|Any CPU = Release|Any CPU
	EndGlobalSection
	GlobalSection(ProjectConfigurationPlatforms) = postSolution
		{1B5D09C7-C730-4500-AE96-F3F6CBC0D699}.Debug|Any CPU.ActiveCfg = Debug|Any CPU
		{1B5D09C7-C730-4500-AE96-F3F6CBC0D699}.Debug|Any CPU.Build.0 = Debug|Any CPU
		{1B5D09C7-C730-4500-AE96-F3F6CBC0D699}.Release|Any CPU.ActiveCfg = Release|Any CPU
		{1B5D09C7-C730-4500-AE96-F3F6CBC0D699}.Release|Any CPU.Build.0 = Release|Any CPU
	EndGlobalSection
	GlobalSection(SolutionProperties) = preSolution
		HideSolutionNode = FALSE
	EndGlobalSection
	GlobalSection(ExtensibilityGlobals) = postSolution
		SolutionGuid = {BC02ED91-F9BB-48F4-8E1A-831635399C49}
	EndGlobalSection
EndGlobal
